{
  "name": "@moltable/connect",
  "version": "0.1.0",
  "lockfileVersion": 3,
  "requires": true,
  "packages": {
    "": {
      "name": "@moltable/connect",
      "version": "0.1.0",
      "license": "MIT",
      "bin": {
        "connect": "index.js",
        "moltable-connect": "index.js"
      },
      "engines": {
        "node": ">=14"
      }
    }
  }
}
